// !$*UTF8*$!
{
	archiveVersion = 1;
	classes = {
	};
	objectVersion = 46;
	objects = {

/* Begin PBXBuildFile section */
		981DA2A41E7CA79D00DDB8A8 /* Video.swift in Sources */ = {isa = PBXBuildFile; fileRef = 981DA2A31E7CA79D00DDB8A8 /* Video.swift */; };
		981DA2AE1E7CCAA000DDB8A8 /* Exercise.swift in Sources */ = {isa = PBXBuildFile; fileRef = 981DA2AD1E7CCAA000DDB8A8 /* Exercise.swift */; };
		984B02D91E76584200400548 /* GoogleService-Info.plist in Resources */ = {isa = PBXBuildFile; fileRef = 984B02D81E76584200400548 /* GoogleService-Info.plist */; };
		984B02DB1E765CDB00400548 /* NewExerciseViewController.swift in Sources */ = {isa = PBXBuildFile; fileRef = 984B02DA1E765CDB00400548 /* NewExerciseViewController.swift */; };
		984B02DD1E765DFC00400548 /* plus-simple-7.png in Resources */ = {isa = PBXBuildFile; fileRef = 984B02DC1E765DFC00400548 /* plus-simple-7.png */; };
		984B02DF1E765E0800400548 /* dumbbell-7.png in Resources */ = {isa = PBXBuildFile; fileRef = 984B02DE1E765E0800400548 /* dumbbell-7.png */; };
		984B02E11E7667FA00400548 /* LoginViewController.swift in Sources */ = {isa = PBXBuildFile; fileRef = 984B02E01E7667FA00400548 /* LoginViewController.swift */; };
		984B02E31E766B6A00400548 /* GMNZO.png in Resources */ = {isa = PBXBuildFile; fileRef = 984B02E21E766B6A00400548 /* GMNZO.png */; };
		984B02E51E766E0700400548 /* TabBarViewController.swift in Sources */ = {isa = PBXBuildFile; fileRef = 984B02E41E766E0700400548 /* TabBarViewController.swift */; };
		984B02E71E76758400400548 /* circle-user-7.png in Resources */ = {isa = PBXBuildFile; fileRef = 984B02E61E76758400400548 /* circle-user-7.png */; };
		984B02E91E7675BA00400548 /* AccountViewController.swift in Sources */ = {isa = PBXBuildFile; fileRef = 984B02E81E7675BA00400548 /* AccountViewController.swift */; };
		985B46FE1E78D9C600E0992C /* FocusPoint.swift in Sources */ = {isa = PBXBuildFile; fileRef = 985B46FD1E78D9C600E0992C /* FocusPoint.swift */; };
		985B47001E78DDC300E0992C /* list-simple-7.png in Resources */ = {isa = PBXBuildFile; fileRef = 985B46FF1E78DDC300E0992C /* list-simple-7.png */; };
		985B47041E78DFD200E0992C /* CategoriesTableViewController.swift in Sources */ = {isa = PBXBuildFile; fileRef = 985B47031E78DFD200E0992C /* CategoriesTableViewController.swift */; };
		98C37B601E8100C000BDABF0 /* MovementsTableViewController.swift in Sources */ = {isa = PBXBuildFile; fileRef = 98C37B5F1E8100C000BDABF0 /* MovementsTableViewController.swift */; };
		98C37B621E81093300BDABF0 /* GlobalMovement.swift in Sources */ = {isa = PBXBuildFile; fileRef = 98C37B611E81093300BDABF0 /* GlobalMovement.swift */; };
		98C37B641E812C0800BDABF0 /* ExercisesTableViewController.swift in Sources */ = {isa = PBXBuildFile; fileRef = 98C37B631E812C0800BDABF0 /* ExercisesTableViewController.swift */; };
		98C37B661E8130C800BDABF0 /* ViewExerciseViewController.swift in Sources */ = {isa = PBXBuildFile; fileRef = 98C37B651E8130C800BDABF0 /* ViewExerciseViewController.swift */; };
		98C37B681E81528B00BDABF0 /* search-7.png in Resources */ = {isa = PBXBuildFile; fileRef = 98C37B671E81528B00BDABF0 /* search-7.png */; };
		98C37B6A1E8153E000BDABF0 /* SearchViewController.swift in Sources */ = {isa = PBXBuildFile; fileRef = 98C37B691E8153E000BDABF0 /* SearchViewController.swift */; };
		D565689C1E99A14F00AACF4E /* CategorizeNewExerciseViewController.swift in Sources */ = {isa = PBXBuildFile; fileRef = D565689B1E99A14F00AACF4E /* CategorizeNewExerciseViewController.swift */; };
		D59185C91E76541000564FFE /* AppDelegate.swift in Sources */ = {isa = PBXBuildFile; fileRef = D59185C81E76541000564FFE /* AppDelegate.swift */; };
		D59185CE1E76541000564FFE /* Main.storyboard in Resources */ = {isa = PBXBuildFile; fileRef = D59185CC1E76541000564FFE /* Main.storyboard */; };
		D59185D01E76541000564FFE /* Assets.xcassets in Resources */ = {isa = PBXBuildFile; fileRef = D59185CF1E76541000564FFE /* Assets.xcassets */; };
		D59185D31E76541000564FFE /* LaunchScreen.storyboard in Resources */ = {isa = PBXBuildFile; fileRef = D59185D11E76541000564FFE /* LaunchScreen.storyboard */; };
		D5A3172A1E790A9E006DF5B8 /* NewFocusPointController.swift in Sources */ = {isa = PBXBuildFile; fileRef = D5A317291E790A9E006DF5B8 /* NewFocusPointController.swift */; };
		D5F00D33205DFFF3008D9892 /* AccountTableViewController.swift in Sources */ = {isa = PBXBuildFile; fileRef = D5F00D32205DFFF3008D9892 /* AccountTableViewController.swift */; };
		D7FB3D8C2EC0E66B332BC314 /* Pods_GymnazoAIM.framework in Frameworks */ = {isa = PBXBuildFile; fileRef = 58BAD26F2EBDC97E4FBD6E0C /* Pods_GymnazoAIM.framework */; };
/* End PBXBuildFile section */

/* Begin PBXFileReference section */
		58BAD26F2EBDC97E4FBD6E0C /* Pods_GymnazoAIM.framework */ = {isa = PBXFileReference; explicitFileType = wrapper.framework; includeInIndex = 0; path = Pods_GymnazoAIM.framework; sourceTree = BUILT_PRODUCTS_DIR; };
		981DA2A31E7CA79D00DDB8A8 /* Video.swift */ = {isa = PBXFileReference; fileEncoding = 4; lastKnownFileType = sourcecode.swift; path = Video.swift; sourceTree = "<group>"; };
		981DA2AD1E7CCAA000DDB8A8 /* Exercise.swift */ = {isa = PBXFileReference; fileEncoding = 4; lastKnownFileType = sourcecode.swift; path = Exercise.swift; sourceTree = "<group>"; };
		984B02D81E76584200400548 /* GoogleService-Info.plist */ = {isa = PBXFileReference; fileEncoding = 4; lastKnownFileType = text.plist.xml; path = "GoogleService-Info.plist"; sourceTree = "<group>"; };
		984B02DA1E765CDB00400548 /* NewExerciseViewController.swift */ = {isa = PBXFileReference; fileEncoding = 4; lastKnownFileType = sourcecode.swift; path = NewExerciseViewController.swift; sourceTree = "<group>"; };
		984B02DC1E765DFC00400548 /* plus-simple-7.png */ = {isa = PBXFileReference; lastKnownFileType = image.png; path = "plus-simple-7.png"; sourceTree = "<group>"; };
		984B02DE1E765E0800400548 /* dumbbell-7.png */ = {isa = PBXFileReference; lastKnownFileType = image.png; path = "dumbbell-7.png"; sourceTree = "<group>"; };
		984B02E01E7667FA00400548 /* LoginViewController.swift */ = {isa = PBXFileReference; fileEncoding = 4; lastKnownFileType = sourcecode.swift; path = LoginViewController.swift; sourceTree = "<group>"; };
		984B02E21E766B6A00400548 /* GMNZO.png */ = {isa = PBXFileReference; lastKnownFileType = image.png; path = GMNZO.png; sourceTree = "<group>"; };
		984B02E41E766E0700400548 /* TabBarViewController.swift */ = {isa = PBXFileReference; fileEncoding = 4; lastKnownFileType = sourcecode.swift; path = TabBarViewController.swift; sourceTree = "<group>"; };
		984B02E61E76758400400548 /* circle-user-7.png */ = {isa = PBXFileReference; lastKnownFileType = image.png; path = "circle-user-7.png"; sourceTree = "<group>"; };
		984B02E81E7675BA00400548 /* AccountViewController.swift */ = {isa = PBXFileReference; fileEncoding = 4; lastKnownFileType = sourcecode.swift; path = AccountViewController.swift; sourceTree = "<group>"; };
		985B46FD1E78D9C600E0992C /* FocusPoint.swift */ = {isa = PBXFileReference; fileEncoding = 4; lastKnownFileType = sourcecode.swift; path = FocusPoint.swift; sourceTree = "<group>"; };
		985B46FF1E78DDC300E0992C /* list-simple-7.png */ = {isa = PBXFileReference; lastKnownFileType = image.png; path = "list-simple-7.png"; sourceTree = "<group>"; };
		985B47031E78DFD200E0992C /* CategoriesTableViewController.swift */ = {isa = PBXFileReference; fileEncoding = 4; lastKnownFileType = sourcecode.swift; path = CategoriesTableViewController.swift; sourceTree = "<group>"; };
		98C37B5F1E8100C000BDABF0 /* MovementsTableViewController.swift */ = {isa = PBXFileReference; fileEncoding = 4; lastKnownFileType = sourcecode.swift; path = MovementsTableViewController.swift; sourceTree = "<group>"; };
		98C37B611E81093300BDABF0 /* GlobalMovement.swift */ = {isa = PBXFileReference; fileEncoding = 4; lastKnownFileType = sourcecode.swift; path = GlobalMovement.swift; sourceTree = "<group>"; };
		98C37B631E812C0800BDABF0 /* ExercisesTableViewController.swift */ = {isa = PBXFileReference; fileEncoding = 4; lastKnownFileType = sourcecode.swift; path = ExercisesTableViewController.swift; sourceTree = "<group>"; };
		98C37B651E8130C800BDABF0 /* ViewExerciseViewController.swift */ = {isa = PBXFileReference; fileEncoding = 4; lastKnownFileType = sourcecode.swift; path = ViewExerciseViewController.swift; sourceTree = "<group>"; };
		98C37B671E81528B00BDABF0 /* search-7.png */ = {isa = PBXFileReference; lastKnownFileType = image.png; path = "search-7.png"; sourceTree = "<group>"; };
		98C37B691E8153E000BDABF0 /* SearchViewController.swift */ = {isa = PBXFileReference; fileEncoding = 4; lastKnownFileType = sourcecode.swift; path = SearchViewController.swift; sourceTree = "<group>"; };
		B94878EEF466BD170D6698E2 /* Pods-GymnazoAIM.debug.xcconfig */ = {isa = PBXFileReference; includeInIndex = 1; lastKnownFileType = text.xcconfig; name = "Pods-GymnazoAIM.debug.xcconfig"; path = "Pods/Target Support Files/Pods-GymnazoAIM/Pods-GymnazoAIM.debug.xcconfig"; sourceTree = "<group>"; };
		C8A327C0663618C85F61839F /* Pods-GymnazoAIM.release.xcconfig */ = {isa = PBXFileReference; includeInIndex = 1; lastKnownFileType = text.xcconfig; name = "Pods-GymnazoAIM.release.xcconfig"; path = "Pods/Target Support Files/Pods-GymnazoAIM/Pods-GymnazoAIM.release.xcconfig"; sourceTree = "<group>"; };
		D565689B1E99A14F00AACF4E /* CategorizeNewExerciseViewController.swift */ = {isa = PBXFileReference; fileEncoding = 4; lastKnownFileType = sourcecode.swift; path = CategorizeNewExerciseViewController.swift; sourceTree = "<group>"; };
		D59185C51E76541000564FFE /* GymnazoAIM.app */ = {isa = PBXFileReference; explicitFileType = wrapper.application; includeInIndex = 0; path = GymnazoAIM.app; sourceTree = BUILT_PRODUCTS_DIR; };
		D59185C81E76541000564FFE /* AppDelegate.swift */ = {isa = PBXFileReference; lastKnownFileType = sourcecode.swift; path = AppDelegate.swift; sourceTree = "<group>"; };
		D59185CD1E76541000564FFE /* Base */ = {isa = PBXFileReference; lastKnownFileType = file.storyboard; name = Base; path = Base.lproj/Main.storyboard; sourceTree = "<group>"; };
		D59185CF1E76541000564FFE /* Assets.xcassets */ = {isa = PBXFileReference; lastKnownFileType = folder.assetcatalog; path = Assets.xcassets; sourceTree = "<group>"; };
		D59185D21E76541000564FFE /* Base */ = {isa = PBXFileReference; lastKnownFileType = file.storyboard; name = Base; path = Base.lproj/LaunchScreen.storyboard; sourceTree = "<group>"; };
		D59185D41E76541000564FFE /* Info.plist */ = {isa = PBXFileReference; lastKnownFileType = text.plist.xml; path = Info.plist; sourceTree = "<group>"; };
		D5A317291E790A9E006DF5B8 /* NewFocusPointController.swift */ = {isa = PBXFileReference; fileEncoding = 4; lastKnownFileType = sourcecode.swift; path = NewFocusPointController.swift; sourceTree = "<group>"; };
		D5F00D32205DFFF3008D9892 /* AccountTableViewController.swift */ = {isa = PBXFileReference; lastKnownFileType = sourcecode.swift; path = AccountTableViewController.swift; sourceTree = "<group>"; };
/* End PBXFileReference section */

/* Begin PBXFrameworksBuildPhase section */
		D59185C21E76541000564FFE /* Frameworks */ = {
			isa = PBXFrameworksBuildPhase;
			buildActionMask = 2147483647;
			files = (
				D7FB3D8C2EC0E66B332BC314 /* Pods_GymnazoAIM.framework in Frameworks */,
			);
			runOnlyForDeploymentPostprocessing = 0;
		};
/* End PBXFrameworksBuildPhase section */

/* Begin PBXGroup section */
		C0B2F588EB002DB53A795AC1 /* Frameworks */ = {
			isa = PBXGroup;
			children = (
				58BAD26F2EBDC97E4FBD6E0C /* Pods_GymnazoAIM.framework */,
			);
			name = Frameworks;
			sourceTree = "<group>";
		};
		CD8D11F68F9C33D4C60971B1 /* Pods */ = {
			isa = PBXGroup;
			children = (
				B94878EEF466BD170D6698E2 /* Pods-GymnazoAIM.debug.xcconfig */,
				C8A327C0663618C85F61839F /* Pods-GymnazoAIM.release.xcconfig */,
			);
			name = Pods;
			sourceTree = "<group>";
		};
		D550910A204E47B200E31C80 /* Model */ = {
			isa = PBXGroup;
			children = (
				985B46FD1E78D9C600E0992C /* FocusPoint.swift */,
				98C37B611E81093300BDABF0 /* GlobalMovement.swift */,
				981DA2AD1E7CCAA000DDB8A8 /* Exercise.swift */,
				981DA2A31E7CA79D00DDB8A8 /* Video.swift */,
			);
			path = Model;
			sourceTree = "<group>";
		};
		D550910C204E47C100E31C80 /* Controller */ = {
			isa = PBXGroup;
			children = (
				984B02E81E7675BA00400548 /* AccountViewController.swift */,
				D5F00D32205DFFF3008D9892 /* AccountTableViewController.swift */,
				D565689B1E99A14F00AACF4E /* CategorizeNewExerciseViewController.swift */,
				985B47031E78DFD200E0992C /* CategoriesTableViewController.swift */,
				98C37B631E812C0800BDABF0 /* ExercisesTableViewController.swift */,
				984B02E01E7667FA00400548 /* LoginViewController.swift */,
				98C37B5F1E8100C000BDABF0 /* MovementsTableViewController.swift */,
				984B02DA1E765CDB00400548 /* NewExerciseViewController.swift */,
				D5A317291E790A9E006DF5B8 /* NewFocusPointController.swift */,
				98C37B691E8153E000BDABF0 /* SearchViewController.swift */,
				984B02E41E766E0700400548 /* TabBarViewController.swift */,
				98C37B651E8130C800BDABF0 /* ViewExerciseViewController.swift */,
			);
			path = Controller;
			sourceTree = "<group>";
		};
		D59185BC1E76541000564FFE = {
			isa = PBXGroup;
			children = (
				D59185C71E76541000564FFE /* GymnazoAIM */,
				D59185C61E76541000564FFE /* Products */,
				CD8D11F68F9C33D4C60971B1 /* Pods */,
				C0B2F588EB002DB53A795AC1 /* Frameworks */,
			);
			sourceTree = "<group>";
		};
		D59185C61E76541000564FFE /* Products */ = {
			isa = PBXGroup;
			children = (
				D59185C51E76541000564FFE /* GymnazoAIM.app */,
			);
			name = Products;
			sourceTree = "<group>";
		};
		D59185C71E76541000564FFE /* GymnazoAIM */ = {
			isa = PBXGroup;
			children = (
				D59185C81E76541000564FFE /* AppDelegate.swift */,
				D59185CC1E76541000564FFE /* Main.storyboard */,
				D550910A204E47B200E31C80 /* Model */,
				D550910C204E47C100E31C80 /* Controller */,
				D59185CF1E76541000564FFE /* Assets.xcassets */,
				D59185D11E76541000564FFE /* LaunchScreen.storyboard */,
				984B02E61E76758400400548 /* circle-user-7.png */,
				984B02DE1E765E0800400548 /* dumbbell-7.png */,
				984B02E21E766B6A00400548 /* GMNZO.png */,
				985B46FF1E78DDC300E0992C /* list-simple-7.png */,
				984B02DC1E765DFC00400548 /* plus-simple-7.png */,
				98C37B671E81528B00BDABF0 /* search-7.png */,
				D59185D41E76541000564FFE /* Info.plist */,
				984B02D81E76584200400548 /* GoogleService-Info.plist */,
			);
			path = GymnazoAIM;
			sourceTree = "<group>";
		};
/* End PBXGroup section */

/* Begin PBXNativeTarget section */
		D59185C41E76541000564FFE /* GymnazoAIM */ = {
			isa = PBXNativeTarget;
			buildConfigurationList = D59185D71E76541000564FFE /* Build configuration list for PBXNativeTarget "GymnazoAIM" */;
			buildPhases = (
				790FAE65F33AB9CA3C6F2ABA /* [CP] Check Pods Manifest.lock */,
				D59185C11E76541000564FFE /* Sources */,
				D59185C21E76541000564FFE /* Frameworks */,
				D59185C31E76541000564FFE /* Resources */,
				A5A310BC9B5BD65C49B6F7FC /* [CP] Embed Pods Frameworks */,
				AC038DBA599741D5DAB90F72 /* [CP] Copy Pods Resources */,
			);
			buildRules = (
			);
			dependencies = (
			);
			name = GymnazoAIM;
			productName = GymnazoAIM;
			productReference = D59185C51E76541000564FFE /* GymnazoAIM.app */;
			productType = "com.apple.product-type.application";
		};
/* End PBXNativeTarget section */

/* Begin PBXProject section */
		D59185BD1E76541000564FFE /* Project object */ = {
			isa = PBXProject;
			attributes = {
				LastSwiftUpdateCheck = 0820;
				LastUpgradeCheck = 0900;
				ORGANIZATIONNAME = "Austin McInnis";
				TargetAttributes = {
					D59185C41E76541000564FFE = {
						CreatedOnToolsVersion = 8.2.1;
						DevelopmentTeam = CM86EZ9GM9;
						LastSwiftMigration = 0900;
						ProvisioningStyle = Automatic;
					};
				};
			};
			buildConfigurationList = D59185C01E76541000564FFE /* Build configuration list for PBXProject "GymnazoAIM" */;
			compatibilityVersion = "Xcode 3.2";
			developmentRegion = English;
			hasScannedForEncodings = 0;
			knownRegions = (
				en,
				Base,
			);
			mainGroup = D59185BC1E76541000564FFE;
			productRefGroup = D59185C61E76541000564FFE /* Products */;
			projectDirPath = "";
			projectRoot = "";
			targets = (
				D59185C41E76541000564FFE /* GymnazoAIM */,
			);
		};
/* End PBXProject section */

/* Begin PBXResourcesBuildPhase section */
		D59185C31E76541000564FFE /* Resources */ = {
			isa = PBXResourcesBuildPhase;
			buildActionMask = 2147483647;
			files = (
				D59185D31E76541000564FFE /* LaunchScreen.storyboard in Resources */,
				98C37B681E81528B00BDABF0 /* search-7.png in Resources */,
				985B47001E78DDC300E0992C /* list-simple-7.png in Resources */,
				984B02DD1E765DFC00400548 /* plus-simple-7.png in Resources */,
				984B02D91E76584200400548 /* GoogleService-Info.plist in Resources */,
				D59185D01E76541000564FFE /* Assets.xcassets in Resources */,
				984B02DF1E765E0800400548 /* dumbbell-7.png in Resources */,
				D59185CE1E76541000564FFE /* Main.storyboard in Resources */,
				984B02E71E76758400400548 /* circle-user-7.png in Resources */,
				984B02E31E766B6A00400548 /* GMNZO.png in Resources */,
			);
			runOnlyForDeploymentPostprocessing = 0;
		};
/* End PBXResourcesBuildPhase section */

/* Begin PBXShellScriptBuildPhase section */
		790FAE65F33AB9CA3C6F2ABA /* [CP] Check Pods Manifest.lock */ = {
			isa = PBXShellScriptBuildPhase;
			buildActionMask = 2147483647;
			files = (
			);
			inputPaths = (
				"${PODS_PODFILE_DIR_PATH}/Podfile.lock",
				"${PODS_ROOT}/Manifest.lock",
			);
			name = "[CP] Check Pods Manifest.lock";
			outputPaths = (
				"$(DERIVED_FILE_DIR)/Pods-GymnazoAIM-checkManifestLockResult.txt",
			);
			runOnlyForDeploymentPostprocessing = 0;
			shellPath = /bin/sh;
			shellScript = "diff \"${PODS_PODFILE_DIR_PATH}/Podfile.lock\" \"${PODS_ROOT}/Manifest.lock\" > /dev/null\nif [ $? != 0 ] ; then\n    # print error to STDERR\n    echo \"error: The sandbox is not in sync with the Podfile.lock. Run 'pod install' or update your CocoaPods installation.\" >&2\n    exit 1\nfi\n# This output is used by Xcode 'outputs' to avoid re-running this script phase.\necho \"SUCCESS\" > \"${SCRIPT_OUTPUT_FILE_0}\"\n";
			showEnvVarsInLog = 0;
		};
		A5A310BC9B5BD65C49B6F7FC /* [CP] Embed Pods Frameworks */ = {
			isa = PBXShellScriptBuildPhase;
			buildActionMask = 2147483647;
			files = (
			);
			inputPaths = (
				"${SRCROOT}/Pods/Target Support Files/Pods-GymnazoAIM/Pods-GymnazoAIM-frameworks.sh",
				"${BUILT_PRODUCTS_DIR}/GTMOAuth2/GTMOAuth2.framework",
				"${BUILT_PRODUCTS_DIR}/GTMSessionFetcher/GTMSessionFetcher.framework",
				"${BUILT_PRODUCTS_DIR}/GoogleToolboxForMac/GoogleToolboxForMac.framework",
				"${BUILT_PRODUCTS_DIR}/leveldb-library/leveldb.framework",
				"${BUILT_PRODUCTS_DIR}/nanopb/nanopb.framework",
			);
			name = "[CP] Embed Pods Frameworks";
			outputPaths = (
				"${TARGET_BUILD_DIR}/${FRAMEWORKS_FOLDER_PATH}/GTMOAuth2.framework",
				"${TARGET_BUILD_DIR}/${FRAMEWORKS_FOLDER_PATH}/GTMSessionFetcher.framework",
				"${TARGET_BUILD_DIR}/${FRAMEWORKS_FOLDER_PATH}/GoogleToolboxForMac.framework",
				"${TARGET_BUILD_DIR}/${FRAMEWORKS_FOLDER_PATH}/leveldb.framework",
				"${TARGET_BUILD_DIR}/${FRAMEWORKS_FOLDER_PATH}/nanopb.framework",
			);
			runOnlyForDeploymentPostprocessing = 0;
			shellPath = /bin/sh;
			shellScript = "\"${SRCROOT}/Pods/Target Support Files/Pods-GymnazoAIM/Pods-GymnazoAIM-frameworks.sh\"\n";
			showEnvVarsInLog = 0;
		};
		AC038DBA599741D5DAB90F72 /* [CP] Copy Pods Resources */ = {
			isa = PBXShellScriptBuildPhase;
			buildActionMask = 2147483647;
			files = (
			);
			inputPaths = (
				"${SRCROOT}/Pods/Target Support Files/Pods-GymnazoAIM/Pods-GymnazoAIM-resources.sh",
				"${PODS_ROOT}/GoogleSignIn/Resources/GoogleSignIn.bundle",
			);
			name = "[CP] Copy Pods Resources";
			outputPaths = (
				"${TARGET_BUILD_DIR}/${UNLOCALIZED_RESOURCES_FOLDER_PATH}",
			);
			runOnlyForDeploymentPostprocessing = 0;
			shellPath = /bin/sh;
			shellScript = "\"${SRCROOT}/Pods/Target Support Files/Pods-GymnazoAIM/Pods-GymnazoAIM-resources.sh\"\n";
			showEnvVarsInLog = 0;
		};
/* End PBXShellScriptBuildPhase section */

/* Begin PBXSourcesBuildPhase section */
		D59185C11E76541000564FFE /* Sources */ = {
			isa = PBXSourcesBuildPhase;
			buildActionMask = 2147483647;
			files = (
				D5A3172A1E790A9E006DF5B8 /* NewFocusPointController.swift in Sources */,
				D565689C1E99A14F00AACF4E /* CategorizeNewExerciseViewController.swift in Sources */,
				984B02E51E766E0700400548 /* TabBarViewController.swift in Sources */,
				984B02E91E7675BA00400548 /* AccountViewController.swift in Sources */,
				98C37B641E812C0800BDABF0 /* ExercisesTableViewController.swift in Sources */,
				98C37B601E8100C000BDABF0 /* MovementsTableViewController.swift in Sources */,
				984B02E11E7667FA00400548 /* LoginViewController.swift in Sources */,
				98C37B621E81093300BDABF0 /* GlobalMovement.swift in Sources */,
				981DA2A41E7CA79D00DDB8A8 /* Video.swift in Sources */,
				D5F00D33205DFFF3008D9892 /* AccountTableViewController.swift in Sources */,
				D59185C91E76541000564FFE /* AppDelegate.swift in Sources */,
				98C37B661E8130C800BDABF0 /* ViewExerciseViewController.swift in Sources */,
				98C37B6A1E8153E000BDABF0 /* SearchViewController.swift in Sources */,
				981DA2AE1E7CCAA000DDB8A8 /* Exercise.swift in Sources */,
				984B02DB1E765CDB00400548 /* NewExerciseViewController.swift in Sources */,
				985B46FE1E78D9C600E0992C /* FocusPoint.swift in Sources */,
				985B47041E78DFD200E0992C /* CategoriesTableViewController.swift in Sources */,
			);
			runOnlyForDeploymentPostprocessing = 0;
		};
/* End PBXSourcesBuildPhase section */

/* Begin PBXVariantGroup section */
		D59185CC1E76541000564FFE /* Main.storyboard */ = {
			isa = PBXVariantGroup;
			children = (
				D59185CD1E76541000564FFE /* Base */,
			);
			name = Main.storyboard;
			sourceTree = "<group>";
		};
		D59185D11E76541000564FFE /* LaunchScreen.storyboard */ = {
			isa = PBXVariantGroup;
			children = (
				D59185D21E76541000564FFE /* Base */,
			);
			name = LaunchScreen.storyboard;
			sourceTree = "<group>";
		};
/* End PBXVariantGroup section */

/* Begin XCBuildConfiguration section */
		D59185D51E76541000564FFE /* Debug */ = {
			isa = XCBuildConfiguration;
			buildSettings = {
				ALWAYS_SEARCH_USER_PATHS = NO;
				CLANG_ANALYZER_NONNULL = YES;
				CLANG_CXX_LANGUAGE_STANDARD = "gnu++0x";
				CLANG_CXX_LIBRARY = "libc++";
				CLANG_ENABLE_MODULES = YES;
				CLANG_ENABLE_OBJC_ARC = YES;
				CLANG_WARN_BLOCK_CAPTURE_AUTORELEASING = YES;
				CLANG_WARN_BOOL_CONVERSION = YES;
				CLANG_WARN_COMMA = YES;
				CLANG_WARN_CONSTANT_CONVERSION = YES;
				CLANG_WARN_DIRECT_OBJC_ISA_USAGE = YES_ERROR;
				CLANG_WARN_DOCUMENTATION_COMMENTS = YES;
				CLANG_WARN_EMPTY_BODY = YES;
				CLANG_WARN_ENUM_CONVERSION = YES;
				CLANG_WARN_INFINITE_RECURSION = YES;
				CLANG_WARN_INT_CONVERSION = YES;
				CLANG_WARN_NON_LITERAL_NULL_CONVERSION = YES;
				CLANG_WARN_OBJC_LITERAL_CONVERSION = YES;
				CLANG_WARN_OBJC_ROOT_CLASS = YES_ERROR;
				CLANG_WARN_RANGE_LOOP_ANALYSIS = YES;
				CLANG_WARN_STRICT_PROTOTYPES = YES;
				CLANG_WARN_SUSPICIOUS_MOVE = YES;
				CLANG_WARN_UNREACHABLE_CODE = YES;
				CLANG_WARN__DUPLICATE_METHOD_MATCH = YES;
				"CODE_SIGN_IDENTITY[sdk=iphoneos*]" = "iPhone Developer";
				COPY_PHASE_STRIP = NO;
				DEBUG_INFORMATION_FORMAT = dwarf;
				ENABLE_STRICT_OBJC_MSGSEND = YES;
				ENABLE_TESTABILITY = YES;
				GCC_C_LANGUAGE_STANDARD = gnu99;
				GCC_DYNAMIC_NO_PIC = NO;
				GCC_NO_COMMON_BLOCKS = YES;
				GCC_OPTIMIZATION_LEVEL = 0;
				GCC_PREPROCESSOR_DEFINITIONS = (
					"DEBUG=1",
					"$(inherited)",
				);
				GCC_WARN_64_TO_32_BIT_CONVERSION = YES;
				GCC_WARN_ABOUT_RETURN_TYPE = YES_ERROR;
				GCC_WARN_UNDECLARED_SELECTOR = YES;
				GCC_WARN_UNINITIALIZED_AUTOS = YES_AGGRESSIVE;
				GCC_WARN_UNUSED_FUNCTION = YES;
				GCC_WARN_UNUSED_VARIABLE = YES;
				IPHONEOS_DEPLOYMENT_TARGET = 10.2;
				MTL_ENABLE_DEBUG_INFO = YES;
				ONLY_ACTIVE_ARCH = YES;
				SDKROOT = iphoneos;
				SWIFT_ACTIVE_COMPILATION_CONDITIONS = DEBUG;
				SWIFT_OPTIMIZATION_LEVEL = "-Onone";
				TARGETED_DEVICE_FAMILY = 2;
			};
			name = Debug;
		};
		D59185D61E76541000564FFE /* Release */ = {
			isa = XCBuildConfiguration;
			buildSettings = {
				ALWAYS_SEARCH_USER_PATHS = NO;
				CLANG_ANALYZER_NONNULL = YES;
				CLANG_CXX_LANGUAGE_STANDARD = "gnu++0x";
				CLANG_CXX_LIBRARY = "libc++";
				CLANG_ENABLE_MODULES = YES;
				CLANG_ENABLE_OBJC_ARC = YES;
				CLANG_WARN_BLOCK_CAPTURE_AUTORELEASING = YES;
				CLANG_WARN_BOOL_CONVERSION = YES;
				CLANG_WARN_COMMA = YES;
				CLANG_WARN_CONSTANT_CONVERSION = YES;
				CLANG_WARN_DIRECT_OBJC_ISA_USAGE = YES_ERROR;
				CLANG_WARN_DOCUMENTATION_COMMENTS = YES;
				CLANG_WARN_EMPTY_BODY = YES;
				CLANG_WARN_ENUM_CONVERSION = YES;
				CLANG_WARN_INFINITE_RECURSION = YES;
				CLANG_WARN_INT_CONVERSION = YES;
				CLANG_WARN_NON_LITERAL_NULL_CONVERSION = YES;
				CLANG_WARN_OBJC_LITERAL_CONVERSION = YES;
				CLANG_WARN_OBJC_ROOT_CLASS = YES_ERROR;
				CLANG_WARN_RANGE_LOOP_ANALYSIS = YES;
				CLANG_WARN_STRICT_PROTOTYPES = YES;
				CLANG_WARN_SUSPICIOUS_MOVE = YES;
				CLANG_WARN_UNREACHABLE_CODE = YES;
				CLANG_WARN__DUPLICATE_METHOD_MATCH = YES;
				"CODE_SIGN_IDENTITY[sdk=iphoneos*]" = "iPhone Developer";
				COPY_PHASE_STRIP = NO;
				DEBUG_INFORMATION_FORMAT = "dwarf-with-dsym";
				ENABLE_NS_ASSERTIONS = NO;
				ENABLE_STRICT_OBJC_MSGSEND = YES;
				GCC_C_LANGUAGE_STANDARD = gnu99;
				GCC_NO_COMMON_BLOCKS = YES;
				GCC_WARN_64_TO_32_BIT_CONVERSION = YES;
				GCC_WARN_ABOUT_RETURN_TYPE = YES_ERROR;
				GCC_WARN_UNDECLARED_SELECTOR = YES;
				GCC_WARN_UNINITIALIZED_AUTOS = YES_AGGRESSIVE;
				GCC_WARN_UNUSED_FUNCTION = YES;
				GCC_WARN_UNUSED_VARIABLE = YES;
				IPHONEOS_DEPLOYMENT_TARGET = 10.2;
				MTL_ENABLE_DEBUG_INFO = NO;
				SDKROOT = iphoneos;
				SWIFT_OPTIMIZATION_LEVEL = "-Owholemodule";
				TARGETED_DEVICE_FAMILY = 2;
				VALIDATE_PRODUCT = YES;
			};
			name = Release;
		};
		D59185D81E76541000564FFE /* Debug */ = {
			isa = XCBuildConfiguration;
			baseConfigurationReference = B94878EEF466BD170D6698E2 /* Pods-GymnazoAIM.debug.xcconfig */;
			buildSettings = {
				ASSETCATALOG_COMPILER_APPICON_NAME = AppIcon;
				DEVELOPMENT_TEAM = CM86EZ9GM9;
				INFOPLIST_FILE = GymnazoAIM/Info.plist;
				IPHONEOS_DEPLOYMENT_TARGET = 11.0;
				LD_RUNPATH_SEARCH_PATHS = "$(inherited) @executable_path/Frameworks";
				PRODUCT_BUNDLE_IDENTIFIER = amcinnis.GymnazoAIM;
				PRODUCT_NAME = "$(TARGET_NAME)";
				SWIFT_SWIFT3_OBJC_INFERENCE = Default;
				SWIFT_VERSION = 4.0;
			};
			name = Debug;
		};
		D59185D91E76541000564FFE /* Release */ = {
			isa = XCBuildConfiguration;
			baseConfigurationReference = C8A327C0663618C85F61839F /* Pods-GymnazoAIM.release.xcconfig */;
			buildSettings = {
				ASSETCATALOG_COMPILER_APPICON_NAME = AppIcon;
				DEVELOPMENT_TEAM = CM86EZ9GM9;
				INFOPLIST_FILE = GymnazoAIM/Info.plist;
				IPHONEOS_DEPLOYMENT_TARGET = 11.0;
				LD_RUNPATH_SEARCH_PATHS = "$(inherited) @executable_path/Frameworks";
				PRODUCT_BUNDLE_IDENTIFIER = amcinnis.GymnazoAIM;
				PRODUCT_NAME = "$(TARGET_NAME)";
				SWIFT_SWIFT3_OBJC_INFERENCE = Default;
				SWIFT_VERSION = 4.0;
			};
			name = Release;
		};
/* End XCBuildConfiguration section */

/* Begin XCConfigurationList section */
		D59185C01E76541000564FFE /* Build configuration list for PBXProject "GymnazoAIM" */ = {
			isa = XCConfigurationList;
			buildConfigurations = (
				D59185D51E76541000564FFE /* Debug */,
				D59185D61E76541000564FFE /* Release */,
			);
			defaultConfigurationIsVisible = 0;
			defaultConfigurationName = Release;
		};
		D59185D71E76541000564FFE /* Build configuration list for PBXNativeTarget "GymnazoAIM" */ = {
			isa = XCConfigurationList;
			buildConfigurations = (
				D59185D81E76541000564FFE /* Debug */,
				D59185D91E76541000564FFE /* Release */,
			);
			defaultConfigurationIsVisible = 0;
			defaultConfigurationName = Release;
		};
/* End XCConfigurationList section */
	};
	rootObject = D59185BD1E76541000564FFE /* Project object */;
}
